// !$*UTF8*$!
{
	archiveVersion = 1;
	classes = {
	};
	objectVersion = 46;
	objects = {

/* Begin PBXBuildFile section */
		153DC31A2008F2AE00E7D0EB /* Group+CoreDataClass.swift in Sources */ = {isa = PBXBuildFile; fileRef = 153DC3182008F2AE00E7D0EB /* Group+CoreDataClass.swift */; };
		153DC31B2008F2AE00E7D0EB /* Group+CoreDataProperties.swift in Sources */ = {isa = PBXBuildFile; fileRef = 153DC3192008F2AE00E7D0EB /* Group+CoreDataProperties.swift */; };
		153DC31D200927A300E7D0EB /* ExpenseTableViewCell.swift in Sources */ = {isa = PBXBuildFile; fileRef = 153DC31C200927A300E7D0EB /* ExpenseTableViewCell.swift */; };
		153DC31F2009308800E7D0EB /* MemberTableViewCell.swift in Sources */ = {isa = PBXBuildFile; fileRef = 153DC31E2009308800E7D0EB /* MemberTableViewCell.swift */; };
		153DC321200B8F4900E7D0EB /* DebtTableViewCell.swift in Sources */ = {isa = PBXBuildFile; fileRef = 153DC320200B8F4900E7D0EB /* DebtTableViewCell.swift */; };
		153DC323200C02C600E7D0EB /* DebtsViewController.swift in Sources */ = {isa = PBXBuildFile; fileRef = 153DC322200C02C600E7D0EB /* DebtsViewController.swift */; };
		157E6E762012329B00798AAD /* MainTabBarController.swift in Sources */ = {isa = PBXBuildFile; fileRef = 157E6E752012329B00798AAD /* MainTabBarController.swift */; };
		158C64C5200799F1002E791D /* GroupExpensesViewController.swift in Sources */ = {isa = PBXBuildFile; fileRef = 158C64C4200799F1002E791D /* GroupExpensesViewController.swift */; };
		158C64C92007C05D002E791D /* GroupDebtsViewController.swift in Sources */ = {isa = PBXBuildFile; fileRef = 158C64C82007C05D002E791D /* GroupDebtsViewController.swift */; };
		158C64CB2007C7AF002E791D /* GroupTabBarController.swift in Sources */ = {isa = PBXBuildFile; fileRef = 158C64CA2007C7AF002E791D /* GroupTabBarController.swift */; };
		15B0FA3A2006CAAA0061CA6F /* GroupsViewController.swift in Sources */ = {isa = PBXBuildFile; fileRef = 15B0FA392006CAAA0061CA6F /* GroupsViewController.swift */; };
		15B0FA3C2006CAE20061CA6F /* GroupTableViewCell.swift in Sources */ = {isa = PBXBuildFile; fileRef = 15B0FA3B2006CAE20061CA6F /* GroupTableViewCell.swift */; };
		15BB9688201158EC0069A148 /* AddMemberView.swift in Sources */ = {isa = PBXBuildFile; fileRef = 15BB9687201158EC0069A148 /* AddMemberView.swift */; };
		15BB968A20115AF90069A148 /* AddMemberViewController.swift in Sources */ = {isa = PBXBuildFile; fileRef = 15BB968920115AF90069A148 /* AddMemberViewController.swift */; };
		429B9A90200136FD007A5108 /* WelcomeViewController.swift in Sources */ = {isa = PBXBuildFile; fileRef = 429B9A8F200136FD007A5108 /* WelcomeViewController.swift */; };
		429B9A9220015453007A5108 /* NewExpenseViewController.swift in Sources */ = {isa = PBXBuildFile; fileRef = 429B9A9120015453007A5108 /* NewExpenseViewController.swift */; };
		8822C4CC1FFAC8A900EF325E /* AppDelegate.swift in Sources */ = {isa = PBXBuildFile; fileRef = 8822C4CB1FFAC8A900EF325E /* AppDelegate.swift */; };
		8822C4CE1FFAC8A900EF325E /* ViewController.swift in Sources */ = {isa = PBXBuildFile; fileRef = 8822C4CD1FFAC8A900EF325E /* ViewController.swift */; };
		8822C4D11FFAC8A900EF325E /* Main.storyboard in Resources */ = {isa = PBXBuildFile; fileRef = 8822C4CF1FFAC8A900EF325E /* Main.storyboard */; };
		8822C4D41FFAC8A900EF325E /* LePigeonRebelle.xcdatamodeld in Sources */ = {isa = PBXBuildFile; fileRef = 8822C4D21FFAC8A900EF325E /* LePigeonRebelle.xcdatamodeld */; };
		8822C4D61FFAC8A900EF325E /* Assets.xcassets in Resources */ = {isa = PBXBuildFile; fileRef = 8822C4D51FFAC8A900EF325E /* Assets.xcassets */; };
		8822C4D91FFAC8A900EF325E /* LaunchScreen.storyboard in Resources */ = {isa = PBXBuildFile; fileRef = 8822C4D71FFAC8A900EF325E /* LaunchScreen.storyboard */; };
		884044F62000022200D55FB4 /* NewGroupViewController.swift in Sources */ = {isa = PBXBuildFile; fileRef = 884044F52000022200D55FB4 /* NewGroupViewController.swift */; };
		884044F8200005BA00D55FB4 /* DataBaseController.swift in Sources */ = {isa = PBXBuildFile; fileRef = 884044F7200005BA00D55FB4 /* DataBaseController.swift */; };
		885C868020012A2300B62387 /* UserGroup+CoreDataClass.swift in Sources */ = {isa = PBXBuildFile; fileRef = 885C867020012A2300B62387 /* UserGroup+CoreDataClass.swift */; };
		885C868120012A2300B62387 /* UserGroup+CoreDataProperties.swift in Sources */ = {isa = PBXBuildFile; fileRef = 885C867120012A2300B62387 /* UserGroup+CoreDataProperties.swift */; };
		885C868220012A2300B62387 /* GroupType+CoreDataClass.swift in Sources */ = {isa = PBXBuildFile; fileRef = 885C867220012A2300B62387 /* GroupType+CoreDataClass.swift */; };
		885C868320012A2300B62387 /* GroupType+CoreDataProperties.swift in Sources */ = {isa = PBXBuildFile; fileRef = 885C867320012A2300B62387 /* GroupType+CoreDataProperties.swift */; };
		885C868420012A2300B62387 /* Expense+CoreDataClass.swift in Sources */ = {isa = PBXBuildFile; fileRef = 885C867420012A2300B62387 /* Expense+CoreDataClass.swift */; };
		885C868520012A2300B62387 /* Expense+CoreDataProperties.swift in Sources */ = {isa = PBXBuildFile; fileRef = 885C867520012A2300B62387 /* Expense+CoreDataProperties.swift */; };
		885C868820012A2300B62387 /* ExpenseType+CoreDataClass.swift in Sources */ = {isa = PBXBuildFile; fileRef = 885C867820012A2300B62387 /* ExpenseType+CoreDataClass.swift */; };
		885C868920012A2300B62387 /* ExpenseType+CoreDataProperties.swift in Sources */ = {isa = PBXBuildFile; fileRef = 885C867920012A2300B62387 /* ExpenseType+CoreDataProperties.swift */; };
		885C868A20012A2300B62387 /* Debt+CoreDataClass.swift in Sources */ = {isa = PBXBuildFile; fileRef = 885C867A20012A2300B62387 /* Debt+CoreDataClass.swift */; };
		885C868B20012A2300B62387 /* Debt+CoreDataProperties.swift in Sources */ = {isa = PBXBuildFile; fileRef = 885C867B20012A2300B62387 /* Debt+CoreDataProperties.swift */; };
		885C868C20012A2300B62387 /* ExpenseCategory+CoreDataClass.swift in Sources */ = {isa = PBXBuildFile; fileRef = 885C867C20012A2300B62387 /* ExpenseCategory+CoreDataClass.swift */; };
		885C868D20012A2300B62387 /* ExpenseCategory+CoreDataProperties.swift in Sources */ = {isa = PBXBuildFile; fileRef = 885C867D20012A2300B62387 /* ExpenseCategory+CoreDataProperties.swift */; };
		885C868E20012A2300B62387 /* User+CoreDataClass.swift in Sources */ = {isa = PBXBuildFile; fileRef = 885C867E20012A2300B62387 /* User+CoreDataClass.swift */; };
		885C868F20012A2300B62387 /* User+CoreDataProperties.swift in Sources */ = {isa = PBXBuildFile; fileRef = 885C867F20012A2300B62387 /* User+CoreDataProperties.swift */; };
		FCD0AB82FA88218170800EE1 /* Pods_LePigeonRebelle.framework in Frameworks */ = {isa = PBXBuildFile; fileRef = A82E602F09363586BD9F15A0 /* Pods_LePigeonRebelle.framework */; };
/* End PBXBuildFile section */

/* Begin PBXFileReference section */
		153DC3182008F2AE00E7D0EB /* Group+CoreDataClass.swift */ = {isa = PBXFileReference; fileEncoding = 4; lastKnownFileType = sourcecode.swift; name = "Group+CoreDataClass.swift"; path = "../Group+CoreDataClass.swift"; sourceTree = "<group>"; };
		153DC3192008F2AE00E7D0EB /* Group+CoreDataProperties.swift */ = {isa = PBXFileReference; fileEncoding = 4; lastKnownFileType = sourcecode.swift; name = "Group+CoreDataProperties.swift"; path = "../Group+CoreDataProperties.swift"; sourceTree = "<group>"; };
		153DC31C200927A300E7D0EB /* ExpenseTableViewCell.swift */ = {isa = PBXFileReference; fileEncoding = 4; lastKnownFileType = sourcecode.swift; path = ExpenseTableViewCell.swift; sourceTree = "<group>"; };
		153DC31E2009308800E7D0EB /* MemberTableViewCell.swift */ = {isa = PBXFileReference; fileEncoding = 4; lastKnownFileType = sourcecode.swift; path = MemberTableViewCell.swift; sourceTree = "<group>"; };
		153DC320200B8F4900E7D0EB /* DebtTableViewCell.swift */ = {isa = PBXFileReference; fileEncoding = 4; lastKnownFileType = sourcecode.swift; path = DebtTableViewCell.swift; sourceTree = "<group>"; };
		153DC322200C02C600E7D0EB /* DebtsViewController.swift */ = {isa = PBXFileReference; fileEncoding = 4; lastKnownFileType = sourcecode.swift; path = DebtsViewController.swift; sourceTree = "<group>"; };
		157E6E752012329B00798AAD /* MainTabBarController.swift */ = {isa = PBXFileReference; fileEncoding = 4; lastKnownFileType = sourcecode.swift; path = MainTabBarController.swift; sourceTree = "<group>"; };
		158C64C4200799F1002E791D /* GroupExpensesViewController.swift */ = {isa = PBXFileReference; fileEncoding = 4; lastKnownFileType = sourcecode.swift; name = GroupExpensesViewController.swift; path = ../GroupExpensesViewController.swift; sourceTree = "<group>"; };
		158C64C82007C05D002E791D /* GroupDebtsViewController.swift */ = {isa = PBXFileReference; fileEncoding = 4; lastKnownFileType = sourcecode.swift; path = GroupDebtsViewController.swift; sourceTree = "<group>"; };
		158C64CA2007C7AF002E791D /* GroupTabBarController.swift */ = {isa = PBXFileReference; fileEncoding = 4; lastKnownFileType = sourcecode.swift; path = GroupTabBarController.swift; sourceTree = "<group>"; };
		15B0FA392006CAAA0061CA6F /* GroupsViewController.swift */ = {isa = PBXFileReference; fileEncoding = 4; lastKnownFileType = sourcecode.swift; path = GroupsViewController.swift; sourceTree = "<group>"; };
		15B0FA3B2006CAE20061CA6F /* GroupTableViewCell.swift */ = {isa = PBXFileReference; fileEncoding = 4; lastKnownFileType = sourcecode.swift; path = GroupTableViewCell.swift; sourceTree = "<group>"; };
		15BB9687201158EC0069A148 /* AddMemberView.swift */ = {isa = PBXFileReference; fileEncoding = 4; lastKnownFileType = sourcecode.swift; path = AddMemberView.swift; sourceTree = "<group>"; };
		15BB968920115AF90069A148 /* AddMemberViewController.swift */ = {isa = PBXFileReference; fileEncoding = 4; lastKnownFileType = sourcecode.swift; path = AddMemberViewController.swift; sourceTree = "<group>"; };
		429B9A8F200136FD007A5108 /* WelcomeViewController.swift */ = {isa = PBXFileReference; fileEncoding = 4; lastKnownFileType = sourcecode.swift; path = WelcomeViewController.swift; sourceTree = "<group>"; };
		429B9A9120015453007A5108 /* NewExpenseViewController.swift */ = {isa = PBXFileReference; fileEncoding = 4; lastKnownFileType = sourcecode.swift; path = NewExpenseViewController.swift; sourceTree = "<group>"; };
		8822C4C81FFAC8A900EF325E /* LePigeonRebelle.app */ = {isa = PBXFileReference; explicitFileType = wrapper.application; includeInIndex = 0; path = LePigeonRebelle.app; sourceTree = BUILT_PRODUCTS_DIR; };
		8822C4CB1FFAC8A900EF325E /* AppDelegate.swift */ = {isa = PBXFileReference; lastKnownFileType = sourcecode.swift; path = AppDelegate.swift; sourceTree = "<group>"; };
		8822C4CD1FFAC8A900EF325E /* ViewController.swift */ = {isa = PBXFileReference; lastKnownFileType = sourcecode.swift; path = ViewController.swift; sourceTree = "<group>"; };
		8822C4D01FFAC8A900EF325E /* Base */ = {isa = PBXFileReference; lastKnownFileType = file.storyboard; name = Base; path = Base.lproj/Main.storyboard; sourceTree = "<group>"; };
		8822C4D31FFAC8A900EF325E /* LePigeonRebelle.xcdatamodel */ = {isa = PBXFileReference; lastKnownFileType = wrapper.xcdatamodel; path = LePigeonRebelle.xcdatamodel; sourceTree = "<group>"; };
		8822C4D51FFAC8A900EF325E /* Assets.xcassets */ = {isa = PBXFileReference; lastKnownFileType = folder.assetcatalog; path = Assets.xcassets; sourceTree = "<group>"; };
		8822C4D81FFAC8A900EF325E /* Base */ = {isa = PBXFileReference; lastKnownFileType = file.storyboard; name = Base; path = Base.lproj/LaunchScreen.storyboard; sourceTree = "<group>"; };
		8822C4DA1FFAC8A900EF325E /* Info.plist */ = {isa = PBXFileReference; lastKnownFileType = text.plist.xml; path = Info.plist; sourceTree = "<group>"; };
		884044F52000022200D55FB4 /* NewGroupViewController.swift */ = {isa = PBXFileReference; fileEncoding = 4; lastKnownFileType = sourcecode.swift; path = NewGroupViewController.swift; sourceTree = "<group>"; };
		884044F7200005BA00D55FB4 /* DataBaseController.swift */ = {isa = PBXFileReference; fileEncoding = 4; lastKnownFileType = sourcecode.swift; path = DataBaseController.swift; sourceTree = "<group>"; };
		885C867020012A2300B62387 /* UserGroup+CoreDataClass.swift */ = {isa = PBXFileReference; fileEncoding = 4; lastKnownFileType = sourcecode.swift; path = "UserGroup+CoreDataClass.swift"; sourceTree = "<group>"; };
		885C867120012A2300B62387 /* UserGroup+CoreDataProperties.swift */ = {isa = PBXFileReference; fileEncoding = 4; lastKnownFileType = sourcecode.swift; path = "UserGroup+CoreDataProperties.swift"; sourceTree = "<group>"; };
		885C867220012A2300B62387 /* GroupType+CoreDataClass.swift */ = {isa = PBXFileReference; fileEncoding = 4; lastKnownFileType = sourcecode.swift; path = "GroupType+CoreDataClass.swift"; sourceTree = "<group>"; };
		885C867320012A2300B62387 /* GroupType+CoreDataProperties.swift */ = {isa = PBXFileReference; fileEncoding = 4; lastKnownFileType = sourcecode.swift; path = "GroupType+CoreDataProperties.swift"; sourceTree = "<group>"; };
		885C867420012A2300B62387 /* Expense+CoreDataClass.swift */ = {isa = PBXFileReference; fileEncoding = 4; lastKnownFileType = sourcecode.swift; path = "Expense+CoreDataClass.swift"; sourceTree = "<group>"; };
		885C867520012A2300B62387 /* Expense+CoreDataProperties.swift */ = {isa = PBXFileReference; fileEncoding = 4; lastKnownFileType = sourcecode.swift; path = "Expense+CoreDataProperties.swift"; sourceTree = "<group>"; };
		885C867820012A2300B62387 /* ExpenseType+CoreDataClass.swift */ = {isa = PBXFileReference; fileEncoding = 4; lastKnownFileType = sourcecode.swift; path = "ExpenseType+CoreDataClass.swift"; sourceTree = "<group>"; };
		885C867920012A2300B62387 /* ExpenseType+CoreDataProperties.swift */ = {isa = PBXFileReference; fileEncoding = 4; lastKnownFileType = sourcecode.swift; path = "ExpenseType+CoreDataProperties.swift"; sourceTree = "<group>"; };
		885C867A20012A2300B62387 /* Debt+CoreDataClass.swift */ = {isa = PBXFileReference; fileEncoding = 4; lastKnownFileType = sourcecode.swift; path = "Debt+CoreDataClass.swift"; sourceTree = "<group>"; };
		885C867B20012A2300B62387 /* Debt+CoreDataProperties.swift */ = {isa = PBXFileReference; fileEncoding = 4; lastKnownFileType = sourcecode.swift; path = "Debt+CoreDataProperties.swift"; sourceTree = "<group>"; };
		885C867C20012A2300B62387 /* ExpenseCategory+CoreDataClass.swift */ = {isa = PBXFileReference; fileEncoding = 4; lastKnownFileType = sourcecode.swift; path = "ExpenseCategory+CoreDataClass.swift"; sourceTree = "<group>"; };
		885C867D20012A2300B62387 /* ExpenseCategory+CoreDataProperties.swift */ = {isa = PBXFileReference; fileEncoding = 4; lastKnownFileType = sourcecode.swift; path = "ExpenseCategory+CoreDataProperties.swift"; sourceTree = "<group>"; };
		885C867E20012A2300B62387 /* User+CoreDataClass.swift */ = {isa = PBXFileReference; fileEncoding = 4; lastKnownFileType = sourcecode.swift; path = "User+CoreDataClass.swift"; sourceTree = "<group>"; };
		885C867F20012A2300B62387 /* User+CoreDataProperties.swift */ = {isa = PBXFileReference; fileEncoding = 4; lastKnownFileType = sourcecode.swift; path = "User+CoreDataProperties.swift"; sourceTree = "<group>"; };
		9549BD8CC7BA0B0354C8A02D /* Pods-LePigeonRebelle.debug.xcconfig */ = {isa = PBXFileReference; includeInIndex = 1; lastKnownFileType = text.xcconfig; name = "Pods-LePigeonRebelle.debug.xcconfig"; path = "Pods/Target Support Files/Pods-LePigeonRebelle/Pods-LePigeonRebelle.debug.xcconfig"; sourceTree = "<group>"; };
		A82E602F09363586BD9F15A0 /* Pods_LePigeonRebelle.framework */ = {isa = PBXFileReference; explicitFileType = wrapper.framework; includeInIndex = 0; path = Pods_LePigeonRebelle.framework; sourceTree = BUILT_PRODUCTS_DIR; };
		E1FE24EA66810B0970CE28A6 /* Pods-LePigeonRebelle.release.xcconfig */ = {isa = PBXFileReference; includeInIndex = 1; lastKnownFileType = text.xcconfig; name = "Pods-LePigeonRebelle.release.xcconfig"; path = "Pods/Target Support Files/Pods-LePigeonRebelle/Pods-LePigeonRebelle.release.xcconfig"; sourceTree = "<group>"; };
/* End PBXFileReference section */

/* Begin PBXFrameworksBuildPhase section */
		8822C4C51FFAC8A800EF325E /* Frameworks */ = {
			isa = PBXFrameworksBuildPhase;
			buildActionMask = 2147483647;
			files = (
				FCD0AB82FA88218170800EE1 /* Pods_LePigeonRebelle.framework in Frameworks */,
			);
			runOnlyForDeploymentPostprocessing = 0;
		};
/* End PBXFrameworksBuildPhase section */

/* Begin PBXGroup section */
		139076E775C6B73EA37249D4 /* Pods */ = {
			isa = PBXGroup;
			children = (
				9549BD8CC7BA0B0354C8A02D /* Pods-LePigeonRebelle.debug.xcconfig */,
				E1FE24EA66810B0970CE28A6 /* Pods-LePigeonRebelle.release.xcconfig */,
			);
			name = Pods;
			sourceTree = "<group>";
		};
		8822C4BF1FFAC8A800EF325E = {
			isa = PBXGroup;
			children = (
				8822C4CA1FFAC8A900EF325E /* LePigeonRebelle */,
				8822C4C91FFAC8A900EF325E /* Products */,
				139076E775C6B73EA37249D4 /* Pods */,
				CEA95C753DAB561A342DDD73 /* Frameworks */,
			);
			sourceTree = "<group>";
		};
		8822C4C91FFAC8A900EF325E /* Products */ = {
			isa = PBXGroup;
			children = (
				8822C4C81FFAC8A900EF325E /* LePigeonRebelle.app */,
			);
			name = Products;
			sourceTree = "<group>";
		};
		8822C4CA1FFAC8A900EF325E /* LePigeonRebelle */ = {
			isa = PBXGroup;
			children = (
				883F7D8B1FFFFAEB00F62BF6 /* Models */,
				8822C4CB1FFAC8A900EF325E /* AppDelegate.swift */,
				884044F7200005BA00D55FB4 /* DataBaseController.swift */,
				8822C4CD1FFAC8A900EF325E /* ViewController.swift */,
				8822C4CF1FFAC8A900EF325E /* Main.storyboard */,
				157E6E752012329B00798AAD /* MainTabBarController.swift */,
				15BB968920115AF90069A148 /* AddMemberViewController.swift */,
				15BB9687201158EC0069A148 /* AddMemberView.swift */,
				153DC320200B8F4900E7D0EB /* DebtTableViewCell.swift */,
				153DC31E2009308800E7D0EB /* MemberTableViewCell.swift */,
				153DC31C200927A300E7D0EB /* ExpenseTableViewCell.swift */,
				429B9A8F200136FD007A5108 /* WelcomeViewController.swift */,
				884044F52000022200D55FB4 /* NewGroupViewController.swift */,
				158C64C4200799F1002E791D /* GroupExpensesViewController.swift */,
				15B0FA392006CAAA0061CA6F /* GroupsViewController.swift */,
				153DC322200C02C600E7D0EB /* DebtsViewController.swift */,
				158C64CA2007C7AF002E791D /* GroupTabBarController.swift */,
				158C64C82007C05D002E791D /* GroupDebtsViewController.swift */,
				15B0FA3B2006CAE20061CA6F /* GroupTableViewCell.swift */,
				429B9A9120015453007A5108 /* NewExpenseViewController.swift */,
				8822C4D51FFAC8A900EF325E /* Assets.xcassets */,
				8822C4D71FFAC8A900EF325E /* LaunchScreen.storyboard */,
				8822C4DA1FFAC8A900EF325E /* Info.plist */,
				8822C4D21FFAC8A900EF325E /* LePigeonRebelle.xcdatamodeld */,
			);
			path = LePigeonRebelle;
			sourceTree = "<group>";
		};
		883F7D8B1FFFFAEB00F62BF6 /* Models */ = {
			isa = PBXGroup;
			children = (
				153DC3182008F2AE00E7D0EB /* Group+CoreDataClass.swift */,
				153DC3192008F2AE00E7D0EB /* Group+CoreDataProperties.swift */,
				885C867020012A2300B62387 /* UserGroup+CoreDataClass.swift */,
				885C867120012A2300B62387 /* UserGroup+CoreDataProperties.swift */,
				885C867220012A2300B62387 /* GroupType+CoreDataClass.swift */,
				885C867320012A2300B62387 /* GroupType+CoreDataProperties.swift */,
				885C867420012A2300B62387 /* Expense+CoreDataClass.swift */,
				885C867520012A2300B62387 /* Expense+CoreDataProperties.swift */,
				885C867820012A2300B62387 /* ExpenseType+CoreDataClass.swift */,
				885C867920012A2300B62387 /* ExpenseType+CoreDataProperties.swift */,
				885C867A20012A2300B62387 /* Debt+CoreDataClass.swift */,
				885C867B20012A2300B62387 /* Debt+CoreDataProperties.swift */,
				885C867C20012A2300B62387 /* ExpenseCategory+CoreDataClass.swift */,
				885C867D20012A2300B62387 /* ExpenseCategory+CoreDataProperties.swift */,
				885C867E20012A2300B62387 /* User+CoreDataClass.swift */,
				885C867F20012A2300B62387 /* User+CoreDataProperties.swift */,
			);
			name = Models;
			sourceTree = "<group>";
		};
		CEA95C753DAB561A342DDD73 /* Frameworks */ = {
			isa = PBXGroup;
			children = (
				A82E602F09363586BD9F15A0 /* Pods_LePigeonRebelle.framework */,
			);
			name = Frameworks;
			sourceTree = "<group>";
		};
/* End PBXGroup section */

/* Begin PBXNativeTarget section */
		8822C4C71FFAC8A800EF325E /* LePigeonRebelle */ = {
			isa = PBXNativeTarget;
			buildConfigurationList = 8822C4DD1FFAC8A900EF325E /* Build configuration list for PBXNativeTarget "LePigeonRebelle" */;
			buildPhases = (
				C27DA25C865BD0C6E9E6A56B /* [CP] Check Pods Manifest.lock */,
				8822C4C41FFAC8A800EF325E /* Sources */,
				8822C4C51FFAC8A800EF325E /* Frameworks */,
				8822C4C61FFAC8A800EF325E /* Resources */,
				4A0D94E81D6C5FE601E585B0 /* [CP] Embed Pods Frameworks */,
				7BED5B2495D25F439613F5A6 /* [CP] Copy Pods Resources */,
			);
			buildRules = (
			);
			dependencies = (
			);
			name = LePigeonRebelle;
			productName = LePigeonRebelle;
			productReference = 8822C4C81FFAC8A900EF325E /* LePigeonRebelle.app */;
			productType = "com.apple.product-type.application";
		};
/* End PBXNativeTarget section */

/* Begin PBXProject section */
		8822C4C01FFAC8A800EF325E /* Project object */ = {
			isa = PBXProject;
			attributes = {
				LastSwiftUpdateCheck = 0820;
				LastUpgradeCheck = 0820;
				ORGANIZATIONNAME = "Le Pigeon Rebelle";
				TargetAttributes = {
					8822C4C71FFAC8A800EF325E = {
						CreatedOnToolsVersion = 8.2.1;
						ProvisioningStyle = Automatic;
					};
				};
			};
			buildConfigurationList = 8822C4C31FFAC8A800EF325E /* Build configuration list for PBXProject "LePigeonRebelle" */;
			compatibilityVersion = "Xcode 3.2";
			developmentRegion = English;
			hasScannedForEncodings = 0;
			knownRegions = (
				en,
				Base,
			);
			mainGroup = 8822C4BF1FFAC8A800EF325E;
			productRefGroup = 8822C4C91FFAC8A900EF325E /* Products */;
			projectDirPath = "";
			projectRoot = "";
			targets = (
				8822C4C71FFAC8A800EF325E /* LePigeonRebelle */,
			);
		};
/* End PBXProject section */

/* Begin PBXResourcesBuildPhase section */
		8822C4C61FFAC8A800EF325E /* Resources */ = {
			isa = PBXResourcesBuildPhase;
			buildActionMask = 2147483647;
			files = (
				8822C4D91FFAC8A900EF325E /* LaunchScreen.storyboard in Resources */,
				8822C4D61FFAC8A900EF325E /* Assets.xcassets in Resources */,
				8822C4D11FFAC8A900EF325E /* Main.storyboard in Resources */,
			);
			runOnlyForDeploymentPostprocessing = 0;
		};
/* End PBXResourcesBuildPhase section */

/* Begin PBXShellScriptBuildPhase section */
		4A0D94E81D6C5FE601E585B0 /* [CP] Embed Pods Frameworks */ = {
			isa = PBXShellScriptBuildPhase;
			buildActionMask = 2147483647;
			files = (
			);
			inputPaths = (
				"${SRCROOT}/Pods/Target Support Files/Pods-LePigeonRebelle/Pods-LePigeonRebelle-frameworks.sh",
				"${BUILT_PRODUCTS_DIR}/SkyFloatingLabelTextField/SkyFloatingLabelTextField.framework",
			);
			name = "[CP] Embed Pods Frameworks";
			outputPaths = (
				"${TARGET_BUILD_DIR}/${FRAMEWORKS_FOLDER_PATH}/SkyFloatingLabelTextField.framework",
			);
			runOnlyForDeploymentPostprocessing = 0;
			shellPath = /bin/sh;
			shellScript = "\"${SRCROOT}/Pods/Target Support Files/Pods-LePigeonRebelle/Pods-LePigeonRebelle-frameworks.sh\"\n";
			showEnvVarsInLog = 0;
		};
		7BED5B2495D25F439613F5A6 /* [CP] Copy Pods Resources */ = {
			isa = PBXShellScriptBuildPhase;
			buildActionMask = 2147483647;
			files = (
			);
			inputPaths = (
			);
			name = "[CP] Copy Pods Resources";
			outputPaths = (
			);
			runOnlyForDeploymentPostprocessing = 0;
			shellPath = /bin/sh;
			shellScript = "\"${SRCROOT}/Pods/Target Support Files/Pods-LePigeonRebelle/Pods-LePigeonRebelle-resources.sh\"\n";
			showEnvVarsInLog = 0;
		};
		C27DA25C865BD0C6E9E6A56B /* [CP] Check Pods Manifest.lock */ = {
			isa = PBXShellScriptBuildPhase;
			buildActionMask = 2147483647;
			files = (
			);
			inputPaths = (
				"${PODS_PODFILE_DIR_PATH}/Podfile.lock",
				"${PODS_ROOT}/Manifest.lock",
			);
			name = "[CP] Check Pods Manifest.lock";
			outputPaths = (
				"$(DERIVED_FILE_DIR)/Pods-LePigeonRebelle-checkManifestLockResult.txt",
			);
			runOnlyForDeploymentPostprocessing = 0;
			shellPath = /bin/sh;
			shellScript = "diff \"${PODS_PODFILE_DIR_PATH}/Podfile.lock\" \"${PODS_ROOT}/Manifest.lock\" > /dev/null\nif [ $? != 0 ] ; then\n    # print error to STDERR\n    echo \"error: The sandbox is not in sync with the Podfile.lock. Run 'pod install' or update your CocoaPods installation.\" >&2\n    exit 1\nfi\n# This output is used by Xcode 'outputs' to avoid re-running this script phase.\necho \"SUCCESS\" > \"${SCRIPT_OUTPUT_FILE_0}\"\n";
			showEnvVarsInLog = 0;
		};
/* End PBXShellScriptBuildPhase section */

/* Begin PBXSourcesBuildPhase section */
		8822C4C41FFAC8A800EF325E /* Sources */ = {
			isa = PBXSourcesBuildPhase;
			buildActionMask = 2147483647;
			files = (
				885C868020012A2300B62387 /* UserGroup+CoreDataClass.swift in Sources */,
				885C868920012A2300B62387 /* ExpenseType+CoreDataProperties.swift in Sources */,
				8822C4CE1FFAC8A900EF325E /* ViewController.swift in Sources */,
				885C868820012A2300B62387 /* ExpenseType+CoreDataClass.swift in Sources */,
				15B0FA3C2006CAE20061CA6F /* GroupTableViewCell.swift in Sources */,
				153DC323200C02C600E7D0EB /* DebtsViewController.swift in Sources */,
				153DC31B2008F2AE00E7D0EB /* Group+CoreDataProperties.swift in Sources */,
				429B9A9220015453007A5108 /* NewExpenseViewController.swift in Sources */,
				885C868C20012A2300B62387 /* ExpenseCategory+CoreDataClass.swift in Sources */,
				885C868A20012A2300B62387 /* Debt+CoreDataClass.swift in Sources */,
				885C868420012A2300B62387 /* Expense+CoreDataClass.swift in Sources */,
				884044F8200005BA00D55FB4 /* DataBaseController.swift in Sources */,
				15BB968A20115AF90069A148 /* AddMemberViewController.swift in Sources */,
				885C868D20012A2300B62387 /* ExpenseCategory+CoreDataProperties.swift in Sources */,
				885C868220012A2300B62387 /* GroupType+CoreDataClass.swift in Sources */,
				153DC31A2008F2AE00E7D0EB /* Group+CoreDataClass.swift in Sources */,
				8822C4CC1FFAC8A900EF325E /* AppDelegate.swift in Sources */,
				157E6E762012329B00798AAD /* MainTabBarController.swift in Sources */,
				429B9A90200136FD007A5108 /* WelcomeViewController.swift in Sources */,
				885C868320012A2300B62387 /* GroupType+CoreDataProperties.swift in Sources */,
				885C868E20012A2300B62387 /* User+CoreDataClass.swift in Sources */,
				885C868B20012A2300B62387 /* Debt+CoreDataProperties.swift in Sources */,
				158C64C92007C05D002E791D /* GroupDebtsViewController.swift in Sources */,
				153DC321200B8F4900E7D0EB /* DebtTableViewCell.swift in Sources */,
				153DC31D200927A300E7D0EB /* ExpenseTableViewCell.swift in Sources */,
				885C868520012A2300B62387 /* Expense+CoreDataProperties.swift in Sources */,
				885C868F20012A2300B62387 /* User+CoreDataProperties.swift in Sources */,
				158C64C5200799F1002E791D /* GroupExpensesViewController.swift in Sources */,
				15B0FA3A2006CAAA0061CA6F /* GroupsViewController.swift in Sources */,
				15BB9688201158EC0069A148 /* AddMemberView.swift in Sources */,
				153DC31F2009308800E7D0EB /* MemberTableViewCell.swift in Sources */,
				158C64CB2007C7AF002E791D /* GroupTabBarController.swift in Sources */,
				884044F62000022200D55FB4 /* NewGroupViewController.swift in Sources */,
				885C868120012A2300B62387 /* UserGroup+CoreDataProperties.swift in Sources */,
				8822C4D41FFAC8A900EF325E /* LePigeonRebelle.xcdatamodeld in Sources */,
			);
			runOnlyForDeploymentPostprocessing = 0;
		};
/* End PBXSourcesBuildPhase section */

/* Begin PBXVariantGroup section */
		8822C4CF1FFAC8A900EF325E /* Main.storyboard */ = {
			isa = PBXVariantGroup;
			children = (
				8822C4D01FFAC8A900EF325E /* Base */,
			);
			name = Main.storyboard;
			sourceTree = "<group>";
		};
		8822C4D71FFAC8A900EF325E /* LaunchScreen.storyboard */ = {
			isa = PBXVariantGroup;
			children = (
				8822C4D81FFAC8A900EF325E /* Base */,
			);
			name = LaunchScreen.storyboard;
			sourceTree = "<group>";
		};
/* End PBXVariantGroup section */

/* Begin XCBuildConfiguration section */
		8822C4DB1FFAC8A900EF325E /* Debug */ = {
			isa = XCBuildConfiguration;
			buildSettings = {
				ALWAYS_SEARCH_USER_PATHS = NO;
				CLANG_ANALYZER_NONNULL = YES;
				CLANG_CXX_LANGUAGE_STANDARD = "gnu++0x";
				CLANG_CXX_LIBRARY = "libc++";
				CLANG_ENABLE_MODULES = YES;
				CLANG_ENABLE_OBJC_ARC = YES;
				CLANG_WARN_BOOL_CONVERSION = YES;
				CLANG_WARN_CONSTANT_CONVERSION = YES;
				CLANG_WARN_DIRECT_OBJC_ISA_USAGE = YES_ERROR;
				CLANG_WARN_DOCUMENTATION_COMMENTS = YES;
				CLANG_WARN_EMPTY_BODY = YES;
				CLANG_WARN_ENUM_CONVERSION = YES;
				CLANG_WARN_INFINITE_RECURSION = YES;
				CLANG_WARN_INT_CONVERSION = YES;
				CLANG_WARN_OBJC_ROOT_CLASS = YES_ERROR;
				CLANG_WARN_SUSPICIOUS_MOVE = YES;
				CLANG_WARN_UNREACHABLE_CODE = YES;
				CLANG_WARN__DUPLICATE_METHOD_MATCH = YES;
				"CODE_SIGN_IDENTITY[sdk=iphoneos*]" = "iPhone Developer";
				COPY_PHASE_STRIP = NO;
				DEBUG_INFORMATION_FORMAT = dwarf;
				ENABLE_STRICT_OBJC_MSGSEND = YES;
				ENABLE_TESTABILITY = YES;
				GCC_C_LANGUAGE_STANDARD = gnu99;
				GCC_DYNAMIC_NO_PIC = NO;
				GCC_NO_COMMON_BLOCKS = YES;
				GCC_OPTIMIZATION_LEVEL = 0;
				GCC_PREPROCESSOR_DEFINITIONS = (
					"DEBUG=1",
					"$(inherited)",
				);
				GCC_WARN_64_TO_32_BIT_CONVERSION = YES;
				GCC_WARN_ABOUT_RETURN_TYPE = YES_ERROR;
				GCC_WARN_UNDECLARED_SELECTOR = YES;
				GCC_WARN_UNINITIALIZED_AUTOS = YES_AGGRESSIVE;
				GCC_WARN_UNUSED_FUNCTION = YES;
				GCC_WARN_UNUSED_VARIABLE = YES;
				IPHONEOS_DEPLOYMENT_TARGET = 10.2;
				MTL_ENABLE_DEBUG_INFO = YES;
				ONLY_ACTIVE_ARCH = YES;
				SDKROOT = iphoneos;
				SWIFT_ACTIVE_COMPILATION_CONDITIONS = DEBUG;
				SWIFT_OPTIMIZATION_LEVEL = "-Onone";
				TARGETED_DEVICE_FAMILY = "1,2";
			};
			name = Debug;
		};
		8822C4DC1FFAC8A900EF325E /* Release */ = {
			isa = XCBuildConfiguration;
			buildSettings = {
				ALWAYS_SEARCH_USER_PATHS = NO;
				CLANG_ANALYZER_NONNULL = YES;
				CLANG_CXX_LANGUAGE_STANDARD = "gnu++0x";
				CLANG_CXX_LIBRARY = "libc++";
				CLANG_ENABLE_MODULES = YES;
				CLANG_ENABLE_OBJC_ARC = YES;
				CLANG_WARN_BOOL_CONVERSION = YES;
				CLANG_WARN_CONSTANT_CONVERSION = YES;
				CLANG_WARN_DIRECT_OBJC_ISA_USAGE = YES_ERROR;
				CLANG_WARN_DOCUMENTATION_COMMENTS = YES;
				CLANG_WARN_EMPTY_BODY = YES;
				CLANG_WARN_ENUM_CONVERSION = YES;
				CLANG_WARN_INFINITE_RECURSION = YES;
				CLANG_WARN_INT_CONVERSION = YES;
				CLANG_WARN_OBJC_ROOT_CLASS = YES_ERROR;
				CLANG_WARN_SUSPICIOUS_MOVE = YES;
				CLANG_WARN_UNREACHABLE_CODE = YES;
				CLANG_WARN__DUPLICATE_METHOD_MATCH = YES;
				"CODE_SIGN_IDENTITY[sdk=iphoneos*]" = "iPhone Developer";
				COPY_PHASE_STRIP = NO;
				DEBUG_INFORMATION_FORMAT = "dwarf-with-dsym";
				ENABLE_NS_ASSERTIONS = NO;
				ENABLE_STRICT_OBJC_MSGSEND = YES;
				GCC_C_LANGUAGE_STANDARD = gnu99;
				GCC_NO_COMMON_BLOCKS = YES;
				GCC_WARN_64_TO_32_BIT_CONVERSION = YES;
				GCC_WARN_ABOUT_RETURN_TYPE = YES_ERROR;
				GCC_WARN_UNDECLARED_SELECTOR = YES;
				GCC_WARN_UNINITIALIZED_AUTOS = YES_AGGRESSIVE;
				GCC_WARN_UNUSED_FUNCTION = YES;
				GCC_WARN_UNUSED_VARIABLE = YES;
				IPHONEOS_DEPLOYMENT_TARGET = 10.2;
				MTL_ENABLE_DEBUG_INFO = NO;
				SDKROOT = iphoneos;
				SWIFT_OPTIMIZATION_LEVEL = "-Owholemodule";
				TARGETED_DEVICE_FAMILY = "1,2";
				VALIDATE_PRODUCT = YES;
			};
			name = Release;
		};
		8822C4DE1FFAC8A900EF325E /* Debug */ = {
			isa = XCBuildConfiguration;
			baseConfigurationReference = 9549BD8CC7BA0B0354C8A02D /* Pods-LePigeonRebelle.debug.xcconfig */;
			buildSettings = {
				ASSETCATALOG_COMPILER_APPICON_NAME = AppIcon;
				INFOPLIST_FILE = LePigeonRebelle/Info.plist;
				LD_RUNPATH_SEARCH_PATHS = "$(inherited) @executable_path/Frameworks";
				PRODUCT_BUNDLE_IDENTIFIER = com.LePigeonRebelle;
				PRODUCT_NAME = "$(TARGET_NAME)";
				SWIFT_VERSION = 3.0;
			};
			name = Debug;
		};
		8822C4DF1FFAC8A900EF325E /* Release */ = {
			isa = XCBuildConfiguration;
			baseConfigurationReference = E1FE24EA66810B0970CE28A6 /* Pods-LePigeonRebelle.release.xcconfig */;
			buildSettings = {
				ASSETCATALOG_COMPILER_APPICON_NAME = AppIcon;
				INFOPLIST_FILE = LePigeonRebelle/Info.plist;
				LD_RUNPATH_SEARCH_PATHS = "$(inherited) @executable_path/Frameworks";
				PRODUCT_BUNDLE_IDENTIFIER = com.LePigeonRebelle;
				PRODUCT_NAME = "$(TARGET_NAME)";
				SWIFT_VERSION = 3.0;
			};
			name = Release;
		};
/* End XCBuildConfiguration section */

/* Begin XCConfigurationList section */
		8822C4C31FFAC8A800EF325E /* Build configuration list for PBXProject "LePigeonRebelle" */ = {
			isa = XCConfigurationList;
			buildConfigurations = (
				8822C4DB1FFAC8A900EF325E /* Debug */,
				8822C4DC1FFAC8A900EF325E /* Release */,
			);
			defaultConfigurationIsVisible = 0;
			defaultConfigurationName = Release;
		};
		8822C4DD1FFAC8A900EF325E /* Build configuration list for PBXNativeTarget "LePigeonRebelle" */ = {
			isa = XCConfigurationList;
			buildConfigurations = (
				8822C4DE1FFAC8A900EF325E /* Debug */,
				8822C4DF1FFAC8A900EF325E /* Release */,
			);
			defaultConfigurationIsVisible = 0;
			defaultConfigurationName = Release;
		};
/* End XCConfigurationList section */

/* Begin XCVersionGroup section */
		8822C4D21FFAC8A900EF325E /* LePigeonRebelle.xcdatamodeld */ = {
			isa = XCVersionGroup;
			children = (
				8822C4D31FFAC8A900EF325E /* LePigeonRebelle.xcdatamodel */,
			);
			currentVersion = 8822C4D31FFAC8A900EF325E /* LePigeonRebelle.xcdatamodel */;
			path = LePigeonRebelle.xcdatamodeld;
			sourceTree = "<group>";
			versionGroupType = wrapper.xcdatamodel;
		};
/* End XCVersionGroup section */
	};
	rootObject = 8822C4C01FFAC8A800EF325E /* Project object */;
}
