// !$*UTF8*$!
{
	archiveVersion = 1;
	classes = {
	};
	objectVersion = 46;
	objects = {

/* Begin PBXBuildFile section */
		42429BC41FFFD26800B65BDD /* ExpenseAddViewController.swift in Sources */ = {isa = PBXBuildFile; fileRef = 42429BC31FFFD26800B65BDD /* ExpenseAddViewController.swift */; };
		42429BC82000371B00B65BDD /* GroupExpensesViewController.swift in Sources */ = {isa = PBXBuildFile; fileRef = 42429BC72000371B00B65BDD /* GroupExpensesViewController.swift */; };
		42429BCA200037A700B65BDD /* GroupDebtsViewController.swift in Sources */ = {isa = PBXBuildFile; fileRef = 42429BC9200037A700B65BDD /* GroupDebtsViewController.swift */; };
		8822C4CC1FFAC8A900EF325E /* AppDelegate.swift in Sources */ = {isa = PBXBuildFile; fileRef = 8822C4CB1FFAC8A900EF325E /* AppDelegate.swift */; };
		8822C4CE1FFAC8A900EF325E /* ViewController.swift in Sources */ = {isa = PBXBuildFile; fileRef = 8822C4CD1FFAC8A900EF325E /* ViewController.swift */; };
		8822C4D11FFAC8A900EF325E /* Main.storyboard in Resources */ = {isa = PBXBuildFile; fileRef = 8822C4CF1FFAC8A900EF325E /* Main.storyboard */; };
		8822C4D41FFAC8A900EF325E /* LePigeonRebelle.xcdatamodeld in Sources */ = {isa = PBXBuildFile; fileRef = 8822C4D21FFAC8A900EF325E /* LePigeonRebelle.xcdatamodeld */; };
		8822C4D61FFAC8A900EF325E /* Assets.xcassets in Resources */ = {isa = PBXBuildFile; fileRef = 8822C4D51FFAC8A900EF325E /* Assets.xcassets */; };
		8822C4D91FFAC8A900EF325E /* LaunchScreen.storyboard in Resources */ = {isa = PBXBuildFile; fileRef = 8822C4D71FFAC8A900EF325E /* LaunchScreen.storyboard */; };
/* End PBXBuildFile section */

/* Begin PBXFileReference section */
		42429BC31FFFD26800B65BDD /* ExpenseAddViewController.swift */ = {isa = PBXFileReference; fileEncoding = 4; lastKnownFileType = sourcecode.swift; path = ExpenseAddViewController.swift; sourceTree = "<group>"; };
		42429BC72000371B00B65BDD /* GroupExpensesViewController.swift */ = {isa = PBXFileReference; fileEncoding = 4; lastKnownFileType = sourcecode.swift; path = GroupExpensesViewController.swift; sourceTree = "<group>"; };
		42429BC9200037A700B65BDD /* GroupDebtsViewController.swift */ = {isa = PBXFileReference; fileEncoding = 4; lastKnownFileType = sourcecode.swift; path = GroupDebtsViewController.swift; sourceTree = "<group>"; };
		8822C4C81FFAC8A900EF325E /* LePigeonRebelle.app */ = {isa = PBXFileReference; explicitFileType = wrapper.application; includeInIndex = 0; path = LePigeonRebelle.app; sourceTree = BUILT_PRODUCTS_DIR; };
		8822C4CB1FFAC8A900EF325E /* AppDelegate.swift */ = {isa = PBXFileReference; lastKnownFileType = sourcecode.swift; path = AppDelegate.swift; sourceTree = "<group>"; };
		8822C4CD1FFAC8A900EF325E /* ViewController.swift */ = {isa = PBXFileReference; lastKnownFileType = sourcecode.swift; path = ViewController.swift; sourceTree = "<group>"; };
		8822C4D01FFAC8A900EF325E /* Base */ = {isa = PBXFileReference; lastKnownFileType = file.storyboard; name = Base; path = Base.lproj/Main.storyboard; sourceTree = "<group>"; };
		8822C4D31FFAC8A900EF325E /* LePigeonRebelle.xcdatamodel */ = {isa = PBXFileReference; lastKnownFileType = wrapper.xcdatamodel; path = LePigeonRebelle.xcdatamodel; sourceTree = "<group>"; };
		8822C4D51FFAC8A900EF325E /* Assets.xcassets */ = {isa = PBXFileReference; lastKnownFileType = folder.assetcatalog; path = Assets.xcassets; sourceTree = "<group>"; };
		8822C4D81FFAC8A900EF325E /* Base */ = {isa = PBXFileReference; lastKnownFileType = file.storyboard; name = Base; path = Base.lproj/LaunchScreen.storyboard; sourceTree = "<group>"; };
		8822C4DA1FFAC8A900EF325E /* Info.plist */ = {isa = PBXFileReference; lastKnownFileType = text.plist.xml; path = Info.plist; sourceTree = "<group>"; };
/* End PBXFileReference section */

/* Begin PBXFrameworksBuildPhase section */
		8822C4C51FFAC8A800EF325E /* Frameworks */ = {
			isa = PBXFrameworksBuildPhase;
			buildActionMask = 2147483647;
			files = (
			);
			runOnlyForDeploymentPostprocessing = 0;
		};
/* End PBXFrameworksBuildPhase section */

/* Begin PBXGroup section */
		8822C4BF1FFAC8A800EF325E = {
			isa = PBXGroup;
			children = (
				8822C4CA1FFAC8A900EF325E /* LePigeonRebelle */,
				8822C4C91FFAC8A900EF325E /* Products */,
			);
			sourceTree = "<group>";
		};
		8822C4C91FFAC8A900EF325E /* Products */ = {
			isa = PBXGroup;
			children = (
				8822C4C81FFAC8A900EF325E /* LePigeonRebelle.app */,
			);
			name = Products;
			sourceTree = "<group>";
		};
		8822C4CA1FFAC8A900EF325E /* LePigeonRebelle */ = {
			isa = PBXGroup;
			children = (
				8822C4CB1FFAC8A900EF325E /* AppDelegate.swift */,
				8822C4CD1FFAC8A900EF325E /* ViewController.swift */,
				8822C4CF1FFAC8A900EF325E /* Main.storyboard */,
				42429BC9200037A700B65BDD /* GroupDebtsViewController.swift */,
				42429BC72000371B00B65BDD /* GroupExpensesViewController.swift */,
				42429BC31FFFD26800B65BDD /* ExpenseAddViewController.swift */,
				8822C4D51FFAC8A900EF325E /* Assets.xcassets */,
				8822C4D71FFAC8A900EF325E /* LaunchScreen.storyboard */,
				8822C4DA1FFAC8A900EF325E /* Info.plist */,
				8822C4D21FFAC8A900EF325E /* LePigeonRebelle.xcdatamodeld */,
			);
			path = LePigeonRebelle;
			sourceTree = "<group>";
		};
/* End PBXGroup section */

/* Begin PBXNativeTarget section */
		8822C4C71FFAC8A800EF325E /* LePigeonRebelle */ = {
			isa = PBXNativeTarget;
			buildConfigurationList = 8822C4DD1FFAC8A900EF325E /* Build configuration list for PBXNativeTarget "LePigeonRebelle" */;
			buildPhases = (
				8822C4C41FFAC8A800EF325E /* Sources */,
				8822C4C51FFAC8A800EF325E /* Frameworks */,
				8822C4C61FFAC8A800EF325E /* Resources */,
			);
			buildRules = (
			);
			dependencies = (
			);
			name = LePigeonRebelle;
			productName = LePigeonRebelle;
			productReference = 8822C4C81FFAC8A900EF325E /* LePigeonRebelle.app */;
			productType = "com.apple.product-type.application";
		};
/* End PBXNativeTarget section */

/* Begin PBXProject section */
		8822C4C01FFAC8A800EF325E /* Project object */ = {
			isa = PBXProject;
			attributes = {
				LastSwiftUpdateCheck = 0820;
				LastUpgradeCheck = 0820;
				ORGANIZATIONNAME = "Le Pigeon Rebelle";
				TargetAttributes = {
					8822C4C71FFAC8A800EF325E = {
						CreatedOnToolsVersion = 8.2.1;
						ProvisioningStyle = Automatic;
					};
				};
			};
			buildConfigurationList = 8822C4C31FFAC8A800EF325E /* Build configuration list for PBXProject "LePigeonRebelle" */;
			compatibilityVersion = "Xcode 3.2";
			developmentRegion = English;
			hasScannedForEncodings = 0;
			knownRegions = (
				en,
				Base,
			);
			mainGroup = 8822C4BF1FFAC8A800EF325E;
			productRefGroup = 8822C4C91FFAC8A900EF325E /* Products */;
			projectDirPath = "";
			projectRoot = "";
			targets = (
				8822C4C71FFAC8A800EF325E /* LePigeonRebelle */,
			);
		};
/* End PBXProject section */

/* Begin PBXResourcesBuildPhase section */
		8822C4C61FFAC8A800EF325E /* Resources */ = {
			isa = PBXResourcesBuildPhase;
			buildActionMask = 2147483647;
			files = (
				8822C4D91FFAC8A900EF325E /* LaunchScreen.storyboard in Resources */,
				8822C4D61FFAC8A900EF325E /* Assets.xcassets in Resources */,
				8822C4D11FFAC8A900EF325E /* Main.storyboard in Resources */,
			);
			runOnlyForDeploymentPostprocessing = 0;
		};
/* End PBXResourcesBuildPhase section */

/* Begin PBXSourcesBuildPhase section */
		8822C4C41FFAC8A800EF325E /* Sources */ = {
			isa = PBXSourcesBuildPhase;
			buildActionMask = 2147483647;
			files = (
				8822C4CE1FFAC8A900EF325E /* ViewController.swift in Sources */,
				42429BCA200037A700B65BDD /* GroupDebtsViewController.swift in Sources */,
				42429BC41FFFD26800B65BDD /* ExpenseAddViewController.swift in Sources */,
				8822C4CC1FFAC8A900EF325E /* AppDelegate.swift in Sources */,
				42429BC82000371B00B65BDD /* GroupExpensesViewController.swift in Sources */,
				8822C4D41FFAC8A900EF325E /* LePigeonRebelle.xcdatamodeld in Sources */,
			);
			runOnlyForDeploymentPostprocessing = 0;
		};
/* End PBXSourcesBuildPhase section */

/* Begin PBXVariantGroup section */
		8822C4CF1FFAC8A900EF325E /* Main.storyboard */ = {
			isa = PBXVariantGroup;
			children = (
				8822C4D01FFAC8A900EF325E /* Base */,
			);
			name = Main.storyboard;
			sourceTree = "<group>";
		};
		8822C4D71FFAC8A900EF325E /* LaunchScreen.storyboard */ = {
			isa = PBXVariantGroup;
			children = (
				8822C4D81FFAC8A900EF325E /* Base */,
			);
			name = LaunchScreen.storyboard;
			sourceTree = "<group>";
		};
/* End PBXVariantGroup section */

/* Begin XCBuildConfiguration section */
		8822C4DB1FFAC8A900EF325E /* Debug */ = {
			isa = XCBuildConfiguration;
			buildSettings = {
				ALWAYS_SEARCH_USER_PATHS = NO;
				CLANG_ANALYZER_NONNULL = YES;
				CLANG_CXX_LANGUAGE_STANDARD = "gnu++0x";
				CLANG_CXX_LIBRARY = "libc++";
				CLANG_ENABLE_MODULES = YES;
				CLANG_ENABLE_OBJC_ARC = YES;
				CLANG_WARN_BOOL_CONVERSION = YES;
				CLANG_WARN_CONSTANT_CONVERSION = YES;
				CLANG_WARN_DIRECT_OBJC_ISA_USAGE = YES_ERROR;
				CLANG_WARN_DOCUMENTATION_COMMENTS = YES;
				CLANG_WARN_EMPTY_BODY = YES;
				CLANG_WARN_ENUM_CONVERSION = YES;
				CLANG_WARN_INFINITE_RECURSION = YES;
				CLANG_WARN_INT_CONVERSION = YES;
				CLANG_WARN_OBJC_ROOT_CLASS = YES_ERROR;
				CLANG_WARN_SUSPICIOUS_MOVE = YES;
				CLANG_WARN_UNREACHABLE_CODE = YES;
				CLANG_WARN__DUPLICATE_METHOD_MATCH = YES;
				"CODE_SIGN_IDENTITY[sdk=iphoneos*]" = "iPhone Developer";
				COPY_PHASE_STRIP = NO;
				DEBUG_INFORMATION_FORMAT = dwarf;
				ENABLE_STRICT_OBJC_MSGSEND = YES;
				ENABLE_TESTABILITY = YES;
				GCC_C_LANGUAGE_STANDARD = gnu99;
				GCC_DYNAMIC_NO_PIC = NO;
				GCC_NO_COMMON_BLOCKS = YES;
				GCC_OPTIMIZATION_LEVEL = 0;
				GCC_PREPROCESSOR_DEFINITIONS = (
					"DEBUG=1",
					"$(inherited)",
				);
				GCC_WARN_64_TO_32_BIT_CONVERSION = YES;
				GCC_WARN_ABOUT_RETURN_TYPE = YES_ERROR;
				GCC_WARN_UNDECLARED_SELECTOR = YES;
				GCC_WARN_UNINITIALIZED_AUTOS = YES_AGGRESSIVE;
				GCC_WARN_UNUSED_FUNCTION = YES;
				GCC_WARN_UNUSED_VARIABLE = YES;
				IPHONEOS_DEPLOYMENT_TARGET = 10.2;
				MTL_ENABLE_DEBUG_INFO = YES;
				ONLY_ACTIVE_ARCH = YES;
				SDKROOT = iphoneos;
				SWIFT_ACTIVE_COMPILATION_CONDITIONS = DEBUG;
				SWIFT_OPTIMIZATION_LEVEL = "-Onone";
				TARGETED_DEVICE_FAMILY = "1,2";
			};
			name = Debug;
		};
		8822C4DC1FFAC8A900EF325E /* Release */ = {
			isa = XCBuildConfiguration;
			buildSettings = {
				ALWAYS_SEARCH_USER_PATHS = NO;
				CLANG_ANALYZER_NONNULL = YES;
				CLANG_CXX_LANGUAGE_STANDARD = "gnu++0x";
				CLANG_CXX_LIBRARY = "libc++";
				CLANG_ENABLE_MODULES = YES;
				CLANG_ENABLE_OBJC_ARC = YES;
				CLANG_WARN_BOOL_CONVERSION = YES;
				CLANG_WARN_CONSTANT_CONVERSION = YES;
				CLANG_WARN_DIRECT_OBJC_ISA_USAGE = YES_ERROR;
				CLANG_WARN_DOCUMENTATION_COMMENTS = YES;
				CLANG_WARN_EMPTY_BODY = YES;
				CLANG_WARN_ENUM_CONVERSION = YES;
				CLANG_WARN_INFINITE_RECURSION = YES;
				CLANG_WARN_INT_CONVERSION = YES;
				CLANG_WARN_OBJC_ROOT_CLASS = YES_ERROR;
				CLANG_WARN_SUSPICIOUS_MOVE = YES;
				CLANG_WARN_UNREACHABLE_CODE = YES;
				CLANG_WARN__DUPLICATE_METHOD_MATCH = YES;
				"CODE_SIGN_IDENTITY[sdk=iphoneos*]" = "iPhone Developer";
				COPY_PHASE_STRIP = NO;
				DEBUG_INFORMATION_FORMAT = "dwarf-with-dsym";
				ENABLE_NS_ASSERTIONS = NO;
				ENABLE_STRICT_OBJC_MSGSEND = YES;
				GCC_C_LANGUAGE_STANDARD = gnu99;
				GCC_NO_COMMON_BLOCKS = YES;
				GCC_WARN_64_TO_32_BIT_CONVERSION = YES;
				GCC_WARN_ABOUT_RETURN_TYPE = YES_ERROR;
				GCC_WARN_UNDECLARED_SELECTOR = YES;
				GCC_WARN_UNINITIALIZED_AUTOS = YES_AGGRESSIVE;
				GCC_WARN_UNUSED_FUNCTION = YES;
				GCC_WARN_UNUSED_VARIABLE = YES;
				IPHONEOS_DEPLOYMENT_TARGET = 10.2;
				MTL_ENABLE_DEBUG_INFO = NO;
				SDKROOT = iphoneos;
				SWIFT_OPTIMIZATION_LEVEL = "-Owholemodule";
				TARGETED_DEVICE_FAMILY = "1,2";
				VALIDATE_PRODUCT = YES;
			};
			name = Release;
		};
		8822C4DE1FFAC8A900EF325E /* Debug */ = {
			isa = XCBuildConfiguration;
			buildSettings = {
				ASSETCATALOG_COMPILER_APPICON_NAME = AppIcon;
				INFOPLIST_FILE = LePigeonRebelle/Info.plist;
				LD_RUNPATH_SEARCH_PATHS = "$(inherited) @executable_path/Frameworks";
				PRODUCT_BUNDLE_IDENTIFIER = com.LePigeonRebelle;
				PRODUCT_NAME = "$(TARGET_NAME)";
				SWIFT_VERSION = 3.0;
			};
			name = Debug;
		};
		8822C4DF1FFAC8A900EF325E /* Release */ = {
			isa = XCBuildConfiguration;
			buildSettings = {
				ASSETCATALOG_COMPILER_APPICON_NAME = AppIcon;
				INFOPLIST_FILE = LePigeonRebelle/Info.plist;
				LD_RUNPATH_SEARCH_PATHS = "$(inherited) @executable_path/Frameworks";
				PRODUCT_BUNDLE_IDENTIFIER = com.LePigeonRebelle;
				PRODUCT_NAME = "$(TARGET_NAME)";
				SWIFT_VERSION = 3.0;
			};
			name = Release;
		};
/* End XCBuildConfiguration section */

/* Begin XCConfigurationList section */
		8822C4C31FFAC8A800EF325E /* Build configuration list for PBXProject "LePigeonRebelle" */ = {
			isa = XCConfigurationList;
			buildConfigurations = (
				8822C4DB1FFAC8A900EF325E /* Debug */,
				8822C4DC1FFAC8A900EF325E /* Release */,
			);
			defaultConfigurationIsVisible = 0;
			defaultConfigurationName = Release;
		};
		8822C4DD1FFAC8A900EF325E /* Build configuration list for PBXNativeTarget "LePigeonRebelle" */ = {
			isa = XCConfigurationList;
			buildConfigurations = (
				8822C4DE1FFAC8A900EF325E /* Debug */,
				8822C4DF1FFAC8A900EF325E /* Release */,
			);
			defaultConfigurationIsVisible = 0;
			defaultConfigurationName = Release;
		};
/* End XCConfigurationList section */

/* Begin XCVersionGroup section */
		8822C4D21FFAC8A900EF325E /* LePigeonRebelle.xcdatamodeld */ = {
			isa = XCVersionGroup;
			children = (
				8822C4D31FFAC8A900EF325E /* LePigeonRebelle.xcdatamodel */,
			);
			currentVersion = 8822C4D31FFAC8A900EF325E /* LePigeonRebelle.xcdatamodel */;
			path = LePigeonRebelle.xcdatamodeld;
			sourceTree = "<group>";
			versionGroupType = wrapper.xcdatamodel;
		};
/* End XCVersionGroup section */
	};
	rootObject = 8822C4C01FFAC8A800EF325E /* Project object */;
}
